# THIS IS AN AUTOGENERATED FILE. DO NOT EDIT THIS FILE DIRECTLY.
# yarn lockfile v1


"@babel/code-frame@^7.5.5":
  version "7.10.1"
  resolved "https://registry.npmjs.org/@babel/code-frame/-/code-frame-7.10.1.tgz"
  dependencies:
    "@babel/highlight" "^7.10.1"

"@babel/helper-validator-identifier@^7.10.1":
  version "7.10.1"
  resolved "https://registry.npmjs.org/@babel/helper-validator-identifier/-/helper-validator-identifier-7.10.1.tgz"

"@babel/highlight@^7.10.1":
  version "7.10.1"
  resolved "https://registry.npmjs.org/@babel/highlight/-/highlight-7.10.1.tgz"
  dependencies:
    "@babel/helper-validator-identifier" "^7.10.1"
    chalk "^2.0.0"
    js-tokens "^4.0.0"

"@polka/url@^0.5.0":
  version "0.5.0"
  resolved "https://registry.npmjs.org/@polka/url/-/url-0.5.0.tgz"

"@rollup/plugin-commonjs@^12.0.0":
  version "12.0.0"
  resolved "https://registry.npmjs.org/@rollup/plugin-commonjs/-/plugin-commonjs-12.0.0.tgz"
  dependencies:
    "@rollup/pluginutils" "^3.0.8"
    commondir "^1.0.1"
    estree-walker "^1.0.1"
    glob "^7.1.2"
    is-reference "^1.1.2"
    magic-string "^0.25.2"
    resolve "^1.11.0"

"@rollup/plugin-json@^4.1.0":
  version "4.1.0"
  resolved "https://registry.npmjs.org/@rollup/plugin-json/-/plugin-json-4.1.0.tgz"
  dependencies:
    "@rollup/pluginutils" "^3.0.8"

"@rollup/plugin-node-resolve@^8.0.0":
  version "8.0.1"
  resolved "https://registry.npmjs.org/@rollup/plugin-node-resolve/-/plugin-node-resolve-8.0.1.tgz"
  dependencies:
    "@rollup/pluginutils" "^3.0.8"
    "@types/resolve" "0.0.8"
    builtin-modules "^3.1.0"
    deep-freeze "^0.0.1"
    deepmerge "^4.2.2"
    is-module "^1.0.0"
    resolve "^1.14.2"

"@rollup/pluginutils@^3.0.8":
  version "3.1.0"
  resolved "https://registry.npmjs.org/@rollup/pluginutils/-/pluginutils-3.1.0.tgz"
  dependencies:
    "@types/estree" "0.0.39"
    estree-walker "^1.0.1"
    picomatch "^2.2.2"

"@types/estree@0.0.39":
  version "0.0.39"
  resolved "https://registry.npmjs.org/@types/estree/-/estree-0.0.39.tgz"

"@types/estree@0.0.44":
  version "0.0.44"
  resolved "https://registry.npmjs.org/@types/estree/-/estree-0.0.44.tgz"

"@types/node@*":
  version "14.0.11"
  resolved "https://registry.npmjs.org/@types/node/-/node-14.0.11.tgz"

"@types/resolve@0.0.8":
  version "0.0.8"
  resolved "https://registry.npmjs.org/@types/resolve/-/resolve-0.0.8.tgz"
  dependencies:
    "@types/node" "*"

ansi-styles@^3.2.1:
  version "3.2.1"
  resolved "https://registry.npmjs.org/ansi-styles/-/ansi-styles-3.2.1.tgz"
  dependencies:
    color-convert "^1.9.0"

anymatch@~3.1.1:
  version "3.1.1"
  resolved "https://registry.npmjs.org/anymatch/-/anymatch-3.1.1.tgz"
  dependencies:
    normalize-path "^3.0.0"
    picomatch "^2.0.4"

async-limiter@~1.0.0:
  version "1.0.1"
  resolved "https://registry.npmjs.org/async-limiter/-/async-limiter-1.0.1.tgz"

balanced-match@^1.0.0:
  version "1.0.0"
  resolved "https://registry.npmjs.org/balanced-match/-/balanced-match-1.0.0.tgz"

binary-extensions@^2.0.0:
  version "2.0.0"
  resolved "https://registry.npmjs.org/binary-extensions/-/binary-extensions-2.0.0.tgz"

brace-expansion@^1.1.7:
  version "1.1.11"
  resolved "https://registry.npmjs.org/brace-expansion/-/brace-expansion-1.1.11.tgz"
  dependencies:
    balanced-match "^1.0.0"
    concat-map "0.0.1"

braces@~3.0.2:
  version "3.0.2"
  resolved "https://registry.npmjs.org/braces/-/braces-3.0.2.tgz"
  dependencies:
    fill-range "^7.0.1"

buffer-from@^1.0.0:
  version "1.1.1"
  resolved "https://registry.npmjs.org/buffer-from/-/buffer-from-1.1.1.tgz"

builtin-modules@^3.1.0:
  version "3.1.0"
  resolved "https://registry.npmjs.org/builtin-modules/-/builtin-modules-3.1.0.tgz"

chalk@^2.0.0:
  version "2.4.2"
  resolved "https://registry.npmjs.org/chalk/-/chalk-2.4.2.tgz"
  dependencies:
    ansi-styles "^3.2.1"
    escape-string-regexp "^1.0.5"
    supports-color "^5.3.0"

chokidar@^3.3.0:
  version "3.4.0"
  resolved "https://registry.npmjs.org/chokidar/-/chokidar-3.4.0.tgz"
  dependencies:
    anymatch "~3.1.1"
    braces "~3.0.2"
    glob-parent "~5.1.0"
    is-binary-path "~2.1.0"
    is-glob "~4.0.1"
    normalize-path "~3.0.0"
    readdirp "~3.4.0"
  optionalDependencies:
    fsevents "~2.1.2"

color-convert@^1.9.0:
  version "1.9.3"
  resolved "https://registry.npmjs.org/color-convert/-/color-convert-1.9.3.tgz"
  dependencies:
    color-name "1.1.3"

color-name@1.1.3:
  version "1.1.3"
  resolved "https://registry.npmjs.org/color-name/-/color-name-1.1.3.tgz"

commander@^2.20.0:
  version "2.20.3"
  resolved "https://registry.npmjs.org/commander/-/commander-2.20.3.tgz"

commondir@^1.0.1:
  version "1.0.1"
  resolved "https://registry.npmjs.org/commondir/-/commondir-1.0.1.tgz"

concat-map@0.0.1:
  version "0.0.1"
  resolved "https://registry.npmjs.org/concat-map/-/concat-map-0.0.1.tgz"

console-clear@^1.1.0:
  version "1.1.1"
  resolved "https://registry.npmjs.org/console-clear/-/console-clear-1.1.1.tgz"

deep-freeze@^0.0.1:
  version "0.0.1"
  resolved "https://registry.npmjs.org/deep-freeze/-/deep-freeze-0.0.1.tgz"

deepmerge@^4.2.2:
  version "4.2.2"
  resolved "https://registry.npmjs.org/deepmerge/-/deepmerge-4.2.2.tgz"

escape-string-regexp@^1.0.5:
  version "1.0.5"
  resolved "https://registry.npmjs.org/escape-string-regexp/-/escape-string-regexp-1.0.5.tgz"

estree-walker@^0.6.1:
  version "0.6.1"
  resolved "https://registry.npmjs.org/estree-walker/-/estree-walker-0.6.1.tgz"

estree-walker@^1.0.1:
  version "1.0.1"
  resolved "https://registry.npmjs.org/estree-walker/-/estree-walker-1.0.1.tgz"

fill-range@^7.0.1:
  version "7.0.1"
  resolved "https://registry.npmjs.org/fill-range/-/fill-range-7.0.1.tgz"
  dependencies:
    to-regex-range "^5.0.1"

fs.realpath@^1.0.0:
  version "1.0.0"
  resolved "https://registry.npmjs.org/fs.realpath/-/fs.realpath-1.0.0.tgz"

fsevents@~2.1.2:
  version "2.1.3"
  resolved "https://registry.yarnpkg.com/fsevents/-/fsevents-2.1.3.tgz#fb738703ae8d2f9fe900c33836ddebee8b97f23e"

get-port@^3.2.0:
  version "3.2.0"
  resolved "https://registry.npmjs.org/get-port/-/get-port-3.2.0.tgz"

glob-parent@~5.1.0:
  version "5.1.2"
  resolved "https://registry.yarnpkg.com/glob-parent/-/glob-parent-5.1.2.tgz#869832c58034fe68a4093c17dc15e8340d8401c4"
  dependencies:
    is-glob "^4.0.1"

glob@^7.1.2:
  version "7.1.6"
  resolved "https://registry.npmjs.org/glob/-/glob-7.1.6.tgz"
  dependencies:
    fs.realpath "^1.0.0"
    inflight "^1.0.4"
    inherits "2"
    minimatch "^3.0.4"
    once "^1.3.0"
    path-is-absolute "^1.0.0"

has-flag@^3.0.0:
  version "3.0.0"
  resolved "https://registry.npmjs.org/has-flag/-/has-flag-3.0.0.tgz"

inflight@^1.0.4:
  version "1.0.6"
  resolved "https://registry.npmjs.org/inflight/-/inflight-1.0.6.tgz"
  dependencies:
    once "^1.3.0"
    wrappy "1"

inherits@2:
  version "2.0.4"
  resolved "https://registry.npmjs.org/inherits/-/inherits-2.0.4.tgz"

is-binary-path@~2.1.0:
  version "2.1.0"
  resolved "https://registry.npmjs.org/is-binary-path/-/is-binary-path-2.1.0.tgz"
  dependencies:
    binary-extensions "^2.0.0"

is-extglob@^2.1.1:
  version "2.1.1"
  resolved "https://registry.yarnpkg.com/is-extglob/-/is-extglob-2.1.1.tgz#a88c02535791f02ed37c76a1b9ea9773c833f8c2"

is-glob@^4.0.1, is-glob@~4.0.1:
  version "4.0.3"
  resolved "https://registry.yarnpkg.com/is-glob/-/is-glob-4.0.3.tgz#64f61e42cbbb2eec2071a9dac0b28ba1e65d5084"
  dependencies:
    is-extglob "^2.1.1"

is-module@^1.0.0:
  version "1.0.0"
  resolved "https://registry.npmjs.org/is-module/-/is-module-1.0.0.tgz"

is-number@^7.0.0:
  version "7.0.0"
  resolved "https://registry.npmjs.org/is-number/-/is-number-7.0.0.tgz"

is-reference@^1.1.2:
  version "1.2.0"
  resolved "https://registry.npmjs.org/is-reference/-/is-reference-1.2.0.tgz"
  dependencies:
    "@types/estree" "0.0.44"

jest-worker@^24.9.0:
  version "24.9.0"
  resolved "https://registry.npmjs.org/jest-worker/-/jest-worker-24.9.0.tgz"
  dependencies:
    merge-stream "^2.0.0"
    supports-color "^6.1.0"

js-tokens@^4.0.0:
  version "4.0.0"
  resolved "https://registry.npmjs.org/js-tokens/-/js-tokens-4.0.0.tgz"

kleur@^3.0.0:
  version "3.0.3"
  resolved "https://registry.npmjs.org/kleur/-/kleur-3.0.3.tgz"

livereload-js@^3.1.0:
  version "3.2.2"
  resolved "https://registry.npmjs.org/livereload-js/-/livereload-js-3.2.2.tgz"

livereload@^0.9.1:
  version "0.9.1"
  resolved "https://registry.npmjs.org/livereload/-/livereload-0.9.1.tgz"
  dependencies:
    chokidar "^3.3.0"
    livereload-js "^3.1.0"
    opts ">= 1.2.0"
    ws "^6.2.1"

local-access@^1.0.1:
  version "1.0.1"
  resolved "https://registry.npmjs.org/local-access/-/local-access-1.0.1.tgz"

magic-string@^0.25.2:
  version "0.25.7"
  resolved "https://registry.npmjs.org/magic-string/-/magic-string-0.25.7.tgz"
  dependencies:
    sourcemap-codec "^1.4.4"

merge-stream@^2.0.0:
  version "2.0.0"
  resolved "https://registry.npmjs.org/merge-stream/-/merge-stream-2.0.0.tgz"

mime@^2.3.1:
  version "2.4.6"
  resolved "https://registry.npmjs.org/mime/-/mime-2.4.6.tgz"

minimatch@^3.0.4:
  version "3.0.4"
  resolved "https://registry.npmjs.org/minimatch/-/minimatch-3.0.4.tgz"
  dependencies:
    brace-expansion "^1.1.7"

moment-timezone@^0.5.31:
  version "0.5.31"
  resolved "https://registry.npmjs.org/moment-timezone/-/moment-timezone-0.5.31.tgz"
  dependencies:
    moment ">= 2.9.0"

"moment@>= 2.9.0", moment@^2.29.2:
  version "2.29.2"
  resolved "https://registry.yarnpkg.com/moment/-/moment-2.29.2.tgz#00910c60b20843bcba52d37d58c628b47b1f20e4"

mri@^1.1.0:
  version "1.1.5"
  resolved "https://registry.npmjs.org/mri/-/mri-1.1.5.tgz"

normalize-path@^3.0.0, normalize-path@~3.0.0:
  version "3.0.0"
  resolved "https://registry.npmjs.org/normalize-path/-/normalize-path-3.0.0.tgz"

once@^1.3.0:
  version "1.4.0"
  resolved "https://registry.npmjs.org/once/-/once-1.4.0.tgz"
  dependencies:
    wrappy "1"

"opts@>= 1.2.0":
  version "1.2.7"
  resolved "https://registry.npmjs.org/opts/-/opts-1.2.7.tgz"

path-is-absolute@^1.0.0:
  version "1.0.1"
  resolved "https://registry.npmjs.org/path-is-absolute/-/path-is-absolute-1.0.1.tgz"

path-parse@^1.0.6:
  version "1.0.6"
  resolved "https://registry.npmjs.org/path-parse/-/path-parse-1.0.6.tgz"

picomatch@^2.0.4, picomatch@^2.2.1, picomatch@^2.2.2:
  version "2.2.2"
  resolved "https://registry.npmjs.org/picomatch/-/picomatch-2.2.2.tgz"

readdirp@~3.4.0:
  version "3.4.0"
  resolved "https://registry.npmjs.org/readdirp/-/readdirp-3.4.0.tgz"
  dependencies:
    picomatch "^2.2.1"

require-relative@^0.8.7:
  version "0.8.7"
  resolved "https://registry.npmjs.org/require-relative/-/require-relative-0.8.7.tgz"

resolve@^1.11.0, resolve@^1.14.2:
  version "1.17.0"
  resolved "https://registry.npmjs.org/resolve/-/resolve-1.17.0.tgz"
  dependencies:
    path-parse "^1.0.6"

rollup-plugin-livereload@^1.0.0:
  version "1.3.0"
  resolved "https://registry.npmjs.org/rollup-plugin-livereload/-/rollup-plugin-livereload-1.3.0.tgz"
  dependencies:
    livereload "^0.9.1"

rollup-plugin-svelte@^5.0.3:
  version "5.2.2"
  resolved "https://registry.npmjs.org/rollup-plugin-svelte/-/rollup-plugin-svelte-5.2.2.tgz"
  dependencies:
    require-relative "^0.8.7"
    rollup-pluginutils "^2.8.2"
    sourcemap-codec "^1.4.8"

rollup-plugin-terser@^5.1.2:
  version "5.3.0"
  resolved "https://registry.npmjs.org/rollup-plugin-terser/-/rollup-plugin-terser-5.3.0.tgz"
  dependencies:
    "@babel/code-frame" "^7.5.5"
    jest-worker "^24.9.0"
    rollup-pluginutils "^2.8.2"
    serialize-javascript "^2.1.2"
    terser "^4.6.2"

rollup-pluginutils@^2.8.2:
  version "2.8.2"
  resolved "https://registry.npmjs.org/rollup-pluginutils/-/rollup-pluginutils-2.8.2.tgz"
  dependencies:
    estree-walker "^0.6.1"

rollup@^2.3.4:
  version "2.13.1"
  resolved "https://registry.npmjs.org/rollup/-/rollup-2.13.1.tgz"
  optionalDependencies:
    fsevents "~2.1.2"

sade@^1.4.0:
  version "1.7.3"
  resolved "https://registry.npmjs.org/sade/-/sade-1.7.3.tgz"
  dependencies:
    mri "^1.1.0"

serialize-javascript@^2.1.2:
  version "2.1.2"
  resolved "https://registry.npmjs.org/serialize-javascript/-/serialize-javascript-2.1.2.tgz"

sirv-cli@^0.4.4:
  version "0.4.6"
  resolved "https://registry.npmjs.org/sirv-cli/-/sirv-cli-0.4.6.tgz"
  dependencies:
    console-clear "^1.1.0"
    get-port "^3.2.0"
    kleur "^3.0.0"
    local-access "^1.0.1"
    sade "^1.4.0"
    sirv "^0.4.6"
    tinydate "^1.0.0"

sirv@^0.4.6:
  version "0.4.6"
  resolved "https://registry.npmjs.org/sirv/-/sirv-0.4.6.tgz"
  dependencies:
    "@polka/url" "^0.5.0"
    mime "^2.3.1"

source-map-support@~0.5.12:
  version "0.5.19"
  resolved "https://registry.npmjs.org/source-map-support/-/source-map-support-0.5.19.tgz"
  dependencies:
    buffer-from "^1.0.0"
    source-map "^0.6.0"

source-map@^0.6.0, source-map@~0.6.1:
  version "0.6.1"
  resolved "https://registry.npmjs.org/source-map/-/source-map-0.6.1.tgz"

sourcemap-codec@^1.4.4, sourcemap-codec@^1.4.8:
  version "1.4.8"
  resolved "https://registry.npmjs.org/sourcemap-codec/-/sourcemap-codec-1.4.8.tgz"

supports-color@^5.3.0:
  version "5.5.0"
  resolved "https://registry.npmjs.org/supports-color/-/supports-color-5.5.0.tgz"
  dependencies:
    has-flag "^3.0.0"

supports-color@^6.1.0:
  version "6.1.0"
  resolved "https://registry.npmjs.org/supports-color/-/supports-color-6.1.0.tgz"
  dependencies:
    has-flag "^3.0.0"

svelte@^3.0.0:
  version "3.23.0"
  resolved "https://registry.npmjs.org/svelte/-/svelte-3.23.0.tgz"

terser@^4.6.2:
  version "4.7.0"
  resolved "https://registry.npmjs.org/terser/-/terser-4.7.0.tgz"
  dependencies:
    commander "^2.20.0"
    source-map "~0.6.1"
    source-map-support "~0.5.12"

tinydate@^1.0.0:
  version "1.2.0"
  resolved "https://registry.npmjs.org/tinydate/-/tinydate-1.2.0.tgz"

to-regex-range@^5.0.1:
  version "5.0.1"
  resolved "https://registry.npmjs.org/to-regex-range/-/to-regex-range-5.0.1.tgz"
  dependencies:
    is-number "^7.0.0"

wrappy@1:
  version "1.0.2"
  resolved "https://registry.npmjs.org/wrappy/-/wrappy-1.0.2.tgz"

ws@^6.2.1:
  version "6.2.1"
  resolved "https://registry.npmjs.org/ws/-/ws-6.2.1.tgz"
  dependencies:
    async-limiter "~1.0.0"
